
Microsoft Visual Studio Solution File, Format Version 12.00
# Visual Studio Version 16
VisualStudioVersion = 16.0.30711.63
MinimumVisualStudioVersion = 10.0.40219.1
Project("{FAE04EC0-301F-11D3-BF4B-00C04F79EFBC}") = "IRF_beadando", "IRF_beadando\IRF_beadando.csproj", "{27DEA8E5-A001-48E7-ADDB-0D439B769B5A}"
EndProject
Global
	GlobalSection(SolutionConfigurationPlatforms) = preSolution
		Debug|Any CPU = Debug|Any CPU
		Release|Any CPU = Release|Any CPU
	EndGlobalSection
	GlobalSection(ProjectConfigurationPlatforms) = postSolution
		{27DEA8E5-A001-48E7-ADDB-0D439B769B5A}.Debug|Any CPU.ActiveCfg = Debug|Any CPU
		{27DEA8E5-A001-48E7-ADDB-0D439B769B5A}.Debug|Any CPU.Build.0 = Debug|Any CPU
		{27DEA8E5-A001-48E7-ADDB-0D439B769B5A}.Release|Any CPU.ActiveCfg = Release|Any CPU
		{27DEA8E5-A001-48E7-ADDB-0D439B769B5A}.Release|Any CPU.Build.0 = Release|Any CPU
	EndGlobalSection
	GlobalSection(SolutionProperties) = preSolution
		HideSolutionNode = FALSE
	EndGlobalSection
	GlobalSection(ExtensibilityGlobals) = postSolution
		SolutionGuid = {82229CBD-F358-420B-BA48-198CC3490B1C}
	EndGlobalSection
EndGlobal
